
Microsoft Visual Studio Solution File, Format Version 12.00
# Visual Studio Version 16
VisualStudioVersion = 16.0.31424.327
MinimumVisualStudioVersion = 10.0.40219.1
Project("{FAE04EC0-301F-11D3-BF4B-00C04F79EFBC}") = "mod1", "mod1\mod1.csproj", "{0E08FDBA-9304-4496-99A1-75D7B5F94BDC}"
EndProject
Global
	GlobalSection(SolutionConfigurationPlatforms) = preSolution
		Debug|Any CPU = Debug|Any CPU
		Release|Any CPU = Release|Any CPU
	EndGlobalSection
	GlobalSection(ProjectConfigurationPlatforms) = postSolution
		{0E08FDBA-9304-4496-99A1-75D7B5F94BDC}.Debug|Any CPU.ActiveCfg = Debug|Any CPU
		{0E08FDBA-9304-4496-99A1-75D7B5F94BDC}.Debug|Any CPU.Build.0 = Debug|Any CPU
		{0E08FDBA-9304-4496-99A1-75D7B5F94BDC}.Release|Any CPU.ActiveCfg = Release|Any CPU
		{0E08FDBA-9304-4496-99A1-75D7B5F94BDC}.Release|Any CPU.Build.0 = Release|Any CPU
	EndGlobalSection
	GlobalSection(SolutionProperties) = preSolution
		HideSolutionNode = FALSE
	EndGlobalSection
	GlobalSection(ExtensibilityGlobals) = postSolution
		SolutionGuid = {F447B3D9-4A92-4091-9200-3CD0552CE607}
	EndGlobalSection
EndGlobal
